# This file is autogenerated, do not edit; changes may be undone by the next 'dep ensure'.


[[projects]]
  digest = "1:166438587ed45ac211dab8a3ecebf4fa0c186d0db63430fb9127bbc2e5fcdc67"
  name = "github.com/cenkalti/backoff"
  packages = ["."]
  pruneopts = "UT"
  revision = "1e4cf3da559842a91afcb6ea6141451e6c30c618"
  version = "v2.1.1"

[[projects]]
  digest = "1:f616892b62757b2dcd70957602981d4f05c4d75017138cea02b3845d07c18785"
  name = "github.com/cloudevents/sdk-go"
  packages = [
    "pkg/cloudevents",
    "pkg/cloudevents/client",
    "pkg/cloudevents/codec",
    "pkg/cloudevents/context",
    "pkg/cloudevents/datacodec",
    "pkg/cloudevents/datacodec/json",
    "pkg/cloudevents/datacodec/xml",
    "pkg/cloudevents/observability",
    "pkg/cloudevents/transport",
    "pkg/cloudevents/transport/http",
    "pkg/cloudevents/types",
  ]
  pruneopts = "UT"
  revision = "e00e75c8a1befe895cc00def1f88adb611195159"
  version = "0.4.4"

[[projects]]
  digest = "1:ffe9824d294da03b391f44e1ae8281281b4afc1bdaa9588c9097785e3af10cec"
  name = "github.com/davecgh/go-spew"
  packages = ["spew"]
  pruneopts = "UT"
  revision = "8991bc29aa16c548c550c7ff78260e27b9ab7c73"
  version = "v1.1.1"

[[projects]]
  branch = "master"
  digest = "1:b051e524e209fba795cb073d79b2c418690fefb41a30ab9727882329744da24c"
  name = "github.com/dghubble/go-twitter"
  packages = ["twitter"]
  pruneopts = "UT"
  revision = "0022a70e9bee80163be82fdd74ac1d92bdebaf57"

[[projects]]
  digest = "1:f3cacf5fd0e718de3f43af615e84372b318f61889140f6854f98b05894001d99"
  name = "github.com/dghubble/oauth1"
  packages = ["."]
  pruneopts = "UT"
  revision = "f0fe2bff8fbf301b33359ca431e4afc90390aab0"
  version = "v0.5.0"

[[projects]]
  digest = "1:fba61d8584058169c5bd4625196f33077ba937f7131625d4440686c5e4cff380"
  name = "github.com/dghubble/sling"
  packages = ["."]
  pruneopts = "UT"
  revision = "e2624bf29a7de45ab0802b09aea94ca0a7815c5f"
  version = "v1.2.0"

[[projects]]
  digest = "1:a63cff6b5d8b95638bfe300385d93b2a6d9d687734b863da8e09dc834510a690"
  name = "github.com/google/go-querystring"
  packages = ["query"]
  pruneopts = "UT"
  revision = "44c6ddd0a2342c386950e880b658017258da92fc"
  version = "v1.0.0"

[[projects]]
  digest = "1:582b704bebaa06b48c29b0cec224a6058a09c86883aaddabde889cd1a5f73e1b"
  name = "github.com/google/uuid"
  packages = ["."]
  pruneopts = "UT"
  revision = "0cd6bf5da1e1c83f8b45653022c74f71af0538a4"
  version = "v1.1.1"

[[projects]]
  digest = "1:67474f760e9ac3799f740db2c489e6423a4cde45520673ec123ac831ad849cb8"
  name = "github.com/hashicorp/golang-lru"
  packages = ["simplelru"]
  pruneopts = "UT"
  revision = "7087cb70de9f7a8bc0a10c375cb0d2280a8edf9c"
  version = "v0.5.1"

[[projects]]
  digest = "1:edbef42561faa44c19129b68d1e109fbc1647f63239250391eadc8d0e7c9f669"
  name = "github.com/kelseyhightower/envconfig"
  packages = ["."]
  pruneopts = "UT"
  revision = "f611eb38b3875cc3bd991ca91c51d06446afa14c"
  version = "v1.3.0"

[[projects]]
  branch = "master"
  digest = "1:eaa612c0d8ebb83e29449cce2a044323f7ddb507154967191ea0a89963c82a07"
  name = "github.com/knative/pkg"
  packages = [
    "cloudevents",
    "signals",
  ]
  pruneopts = "UT"
  revision = "ff46edef0ae5fa1a1f12dbe1d3b8095d2d23501f"

[[projects]]
  digest = "1:80885382c3c034fdf2e3d1052dda22bc3734363b98a46e2150926f36df9f1038"
  name = "go.opencensus.io"
  packages = [
    ".",
    "internal",
    "internal/tagencoding",
    "metric/metricdata",
    "metric/metricproducer",
    "resource",
    "stats",
    "stats/internal",
    "stats/view",
    "tag",
    "trace",
    "trace/internal",
    "trace/tracestate",
  ]
  pruneopts = "UT"
  revision = "46618d076d80f4eab85adbcb3be9a370be1dc4e0"
  version = "v0.20.0"

[[projects]]
  digest = "1:3c1a69cdae3501bf75e76d0d86dc6f2b0a7421bc205c0cb7b96b19eed464a34d"
  name = "go.uber.org/atomic"
  packages = ["."]
  pruneopts = "UT"
  revision = "1ea20fb1cbb1cc08cbd0d913a96dead89aa18289"
  version = "v1.3.2"

[[projects]]
  digest = "1:60bf2a5e347af463c42ed31a493d817f8a72f102543060ed992754e689805d1a"
  name = "go.uber.org/multierr"
  packages = ["."]
  pruneopts = "UT"
  revision = "3c4937480c32f4c13a875a1829af76c98ca3d40a"
  version = "v1.1.0"

[[projects]]
  digest = "1:c52caf7bd44f92e54627a31b85baf06a68333a196b3d8d241480a774733dcf8b"
  name = "go.uber.org/zap"
  packages = [
    ".",
    "buffer",
    "internal/bufferpool",
    "internal/color",
    "internal/exit",
    "zapcore",
  ]
  pruneopts = "UT"
  revision = "ff33455a0e382e8a81d14dd7c922020b6b5e7982"
  version = "v1.9.1"

[solve-meta]
  analyzer-name = "dep"
  analyzer-version = 1
  input-imports = [
    "github.com/cloudevents/sdk-go/pkg/cloudevents",
    "github.com/cloudevents/sdk-go/pkg/cloudevents/client",
    "github.com/dghubble/go-twitter/twitter",
    "github.com/dghubble/oauth1",
    "github.com/kelseyhightower/envconfig",
    "github.com/knative/pkg/cloudevents",
    "github.com/knative/pkg/signals",
    "go.uber.org/zap",
    "go.uber.org/zap/zapcore",
  ]
  solver-name = "gps-cdcl"
  solver-version = 1
